PODS:
  - Cartography (1.0.1)
  - Firebase/Analytics (3.2.1):
    - FirebaseAnalytics (= 3.2.0)
  - Firebase/Auth (3.2.1):
    - Firebase/Analytics (= 3.2.1)
    - FirebaseAuth (= 3.0.2)
  - Firebase/Core (3.2.1):
    - Firebase/Analytics (= 3.2.1)
  - Firebase/Database (3.2.1):
    - Firebase/Analytics (= 3.2.1)
    - FirebaseDatabase (= 3.0.1)
  - Firebase/Invites (3.2.1):
    - Firebase/Analytics (= 3.2.1)
    - FirebaseInvites (= 1.0.4)
  - Firebase/Storage (3.2.1):
    - Firebase/Analytics (= 3.2.1)
    - FirebaseStorage (= 1.0.1)
  - FirebaseAnalytics (3.2.0):
    - FirebaseInstanceID (~> 1.0)
    - GoogleInterchangeUtilities (~> 1.2)
    - GoogleSymbolUtilities (~> 1.1)
    - GoogleUtilities (~> 1.3)
  - FirebaseAuth (3.0.2):
    - FirebaseAnalytics (~> 3.2)
    - GoogleNetworkingUtilities (~> 1.2)
    - GoogleUtilities (~> 1.3)
  - FirebaseDatabase (3.0.1):
    - FirebaseAnalytics (~> 3.2)
  - FirebaseDynamicLinks (1.0.3):
    - FirebaseAnalytics (~> 3.2)
    - GoogleAppUtilities (~> 1.1)
    - GoogleAuthUtilities (~> 2.0)
    - GoogleInterchangeUtilities (~> 1.2)
    - GoogleNetworkingUtilities (~> 1.2)
    - GoogleParsingUtilities (~> 1.1)
    - GooglePlusUtilities (~> 1.1)
    - GoogleSignIn (~> 4.0)
    - GoogleUtilities (~> 1.3)
  - FirebaseInstanceID (1.0.6)
  - FirebaseInvites (1.0.4):
    - FirebaseAnalytics (~> 3.2)
    - FirebaseDynamicLinks (~> 1.0)
  - FirebaseStorage (1.0.1):
    - FirebaseAnalytics (~> 3.2)
    - GoogleNetworkingUtilities (~> 1.2)
  - GoogleAppUtilities (1.1.1):
    - GoogleSymbolUtilities (~> 1.0)
  - GoogleAuthUtilities (2.0.1):
    - GoogleNetworkingUtilities (~> 1.0)
    - GoogleSymbolUtilities (~> 1.0)
  - GoogleInterchangeUtilities (1.2.1):
    - GoogleSymbolUtilities (~> 1.0)
  - GoogleNetworkingUtilities (1.2.1):
    - GoogleSymbolUtilities (~> 1.0)
  - GoogleParsingUtilities (1.1.1):
    - GoogleNetworkingUtilities (~> 1.0)
    - GoogleSymbolUtilities (~> 1.0)
  - GooglePlusUtilities (1.1.1):
    - GoogleParsingUtilities (~> 1.0)
    - GoogleSymbolUtilities (~> 1.0)
  - GoogleSignIn (4.0.0):
    - GoogleAppUtilities (~> 1.1)
    - GoogleAuthUtilities (~> 2.0)
    - GoogleNetworkingUtilities (~> 1.2)
    - GoogleUtilities (~> 1.3)
  - GoogleSymbolUtilities (1.1.1)
  - GoogleUtilities (1.3.1):
    - GoogleSymbolUtilities (~> 1.0)
  - KVNProgress (2.2.4)
  - SwiftyJSON (2.3.2)

DEPENDENCIES:
  - Cartography (from `https://github.com/robb/Cartography`)
  - Firebase/Auth
  - Firebase/Core
  - Firebase/Database
  - Firebase/Invites
  - Firebase/Storage
  - KVNProgress
  - SwiftyJSON (from `https://github.com/BaiduHiDeviOS/SwiftyJSON.git`, branch `swift3`)

EXTERNAL SOURCES:
  Cartography:
    :git: https://github.com/robb/Cartography
  SwiftyJSON:
    :branch: swift3
    :git: https://github.com/BaiduHiDeviOS/SwiftyJSON.git

CHECKOUT OPTIONS:
  Cartography:
    :commit: 5f84cab0530dc4a9e05ef5b76cbd7a3efd1de5ff
    :git: https://github.com/robb/Cartography
  SwiftyJSON:
    :commit: de5dc3b1b421805769590d331178551bbb0e5733
    :git: https://github.com/BaiduHiDeviOS/SwiftyJSON.git

SPEC CHECKSUMS:
  Cartography: c1460e99395b824d9d75360b0382faeb0b33dcd7
  Firebase: 6c80ac28d59d06bfd9152a7b6ea17625ca93183d
  FirebaseAnalytics: 6f75b04e6bfb8e0b6e9ef298e04c24eea3b13863
  FirebaseAuth: 94b851fc345ce98036dfedfdc2eddeaef8fa3b4c
  FirebaseDatabase: 34301d11621a83546f39f670d256477ba6f7fcea
  FirebaseDynamicLinks: e7ce861fd1cd501483f4b32861380cc494b79013
  FirebaseInstanceID: d014d574053a2fe84478f12f7bae96979e7051bb
  FirebaseInvites: 17f86fd33f45f789abb40ebf289865c1a5e2aa8c
  FirebaseStorage: e9c32a8d246c07eeefd78180c22736aa1b81e81b
  GoogleAppUtilities: f1730f91f67767b453c289577040dd3f425ffdc7
  GoogleAuthUtilities: d7a19615cd7627688afcf181737f1011ee8b5a23
  GoogleInterchangeUtilities: def8415a862effc67d549d5b5b0b9c7a2f97d4de
  GoogleNetworkingUtilities: 3e83269048cfb498dc7ec83ab36813360965c74f
  GoogleParsingUtilities: 30b3896f9ee167dc78747f013d3de157ced1cadf
  GooglePlusUtilities: 5f684c77780fab95ac0ab0c6fdf2bf4fddad94e1
  GoogleSignIn: 09036ed61f8e75f1424100d63f7719480b2428c3
  GoogleSymbolUtilities: 33117db1b5f290c6fbf259585e4885b4c84b98d7
  GoogleUtilities: 56c5ac05b7aa5dc417a1bb85221a9516e04d7032
  KVNProgress: 541edcea5a1fef592aceac8d791a410d38cb499d
  SwiftyJSON: 6118fb49d7519c4d31a0c1f3d5af936e9047b556

PODFILE CHECKSUM: cb645f7a3c2ef930958487c344648c722a8125ee

COCOAPODS: 1.1.0.rc.3
