// !$*UTF8*$!
{
	archiveVersion = 1;
	classes = {
	};
	objectVersion = 46;
	objects = {

/* Begin PBXBuildFile section */
		06D12EEC6644D23E341B5B5F /* Pods_Challanger.framework in Frameworks */ = {isa = PBXBuildFile; fileRef = D42E950DA86FE72B39151A54 /* Pods_Challanger.framework */; };
		B704FC9E1DD1D63E002D9CF3 /* NewChallangeVC.swift in Sources */ = {isa = PBXBuildFile; fileRef = B704FC9D1DD1D63E002D9CF3 /* NewChallangeVC.swift */; };
		B7548F121DD0F67800AA242D /* ChallangesViewController.swift in Sources */ = {isa = PBXBuildFile; fileRef = B7548F111DD0F67800AA242D /* ChallangesViewController.swift */; };
		B75CD1F41DD97A4200054FD6 /* MyTableViewCell.swift in Sources */ = {isa = PBXBuildFile; fileRef = B75CD1F31DD97A4200054FD6 /* MyTableViewCell.swift */; };
		B765F31E1DD063F400CA21B0 /* AppDelegate.swift in Sources */ = {isa = PBXBuildFile; fileRef = B765F31D1DD063F400CA21B0 /* AppDelegate.swift */; };
		B765F3201DD063F400CA21B0 /* ViewController.swift in Sources */ = {isa = PBXBuildFile; fileRef = B765F31F1DD063F400CA21B0 /* ViewController.swift */; };
		B765F3231DD063F400CA21B0 /* Main.storyboard in Resources */ = {isa = PBXBuildFile; fileRef = B765F3211DD063F400CA21B0 /* Main.storyboard */; };
		B765F3261DD063F400CA21B0 /* Challanger.xcdatamodeld in Sources */ = {isa = PBXBuildFile; fileRef = B765F3241DD063F400CA21B0 /* Challanger.xcdatamodeld */; };
		B765F3281DD063F400CA21B0 /* Assets.xcassets in Resources */ = {isa = PBXBuildFile; fileRef = B765F3271DD063F400CA21B0 /* Assets.xcassets */; };
		B765F32B1DD063F400CA21B0 /* LaunchScreen.storyboard in Resources */ = {isa = PBXBuildFile; fileRef = B765F3291DD063F400CA21B0 /* LaunchScreen.storyboard */; };
		B765F3371DD0798E00CA21B0 /* GoogleService-Info.plist in Resources */ = {isa = PBXBuildFile; fileRef = B765F3361DD0798E00CA21B0 /* GoogleService-Info.plist */; };
		B7ABE80B1DEC1AF5006B4BA9 /* ChallangeViewController.swift in Sources */ = {isa = PBXBuildFile; fileRef = B7ABE80A1DEC1AF5006B4BA9 /* ChallangeViewController.swift */; };
		B7ABE80D1DEC27AE006B4BA9 /* ChallangeView.swift in Sources */ = {isa = PBXBuildFile; fileRef = B7ABE80C1DEC27AE006B4BA9 /* ChallangeView.swift */; };
		B7F28FF71DD4C23300ED8F88 /* Challange.swift in Sources */ = {isa = PBXBuildFile; fileRef = B7F28FF61DD4C23300ED8F88 /* Challange.swift */; };
/* End PBXBuildFile section */

/* Begin PBXFileReference section */
		35C72FF6868AF5226188676E /* Pods-Challanger.release.xcconfig */ = {isa = PBXFileReference; includeInIndex = 1; lastKnownFileType = text.xcconfig; name = "Pods-Challanger.release.xcconfig"; path = "Pods/Target Support Files/Pods-Challanger/Pods-Challanger.release.xcconfig"; sourceTree = "<group>"; };
		B704FC9D1DD1D63E002D9CF3 /* NewChallangeVC.swift */ = {isa = PBXFileReference; fileEncoding = 4; lastKnownFileType = sourcecode.swift; path = NewChallangeVC.swift; sourceTree = "<group>"; };
		B7548F101DD0B6F800AA242D /* Challanger.entitlements */ = {isa = PBXFileReference; lastKnownFileType = text.plist.entitlements; path = Challanger.entitlements; sourceTree = "<group>"; };
		B7548F111DD0F67800AA242D /* ChallangesViewController.swift */ = {isa = PBXFileReference; fileEncoding = 4; lastKnownFileType = sourcecode.swift; path = ChallangesViewController.swift; sourceTree = "<group>"; };
		B75CD1F31DD97A4200054FD6 /* MyTableViewCell.swift */ = {isa = PBXFileReference; fileEncoding = 4; lastKnownFileType = sourcecode.swift; path = MyTableViewCell.swift; sourceTree = "<group>"; };
		B765F31A1DD063F400CA21B0 /* Challanger.app */ = {isa = PBXFileReference; explicitFileType = wrapper.application; includeInIndex = 0; path = Challanger.app; sourceTree = BUILT_PRODUCTS_DIR; };
		B765F31D1DD063F400CA21B0 /* AppDelegate.swift */ = {isa = PBXFileReference; lastKnownFileType = sourcecode.swift; path = AppDelegate.swift; sourceTree = "<group>"; };
		B765F31F1DD063F400CA21B0 /* ViewController.swift */ = {isa = PBXFileReference; lastKnownFileType = sourcecode.swift; path = ViewController.swift; sourceTree = "<group>"; };
		B765F3221DD063F400CA21B0 /* Base */ = {isa = PBXFileReference; lastKnownFileType = file.storyboard; name = Base; path = Base.lproj/Main.storyboard; sourceTree = "<group>"; };
		B765F3251DD063F400CA21B0 /* Challanger.xcdatamodel */ = {isa = PBXFileReference; lastKnownFileType = wrapper.xcdatamodel; path = Challanger.xcdatamodel; sourceTree = "<group>"; };
		B765F3271DD063F400CA21B0 /* Assets.xcassets */ = {isa = PBXFileReference; lastKnownFileType = folder.assetcatalog; path = Assets.xcassets; sourceTree = "<group>"; };
		B765F32A1DD063F400CA21B0 /* Base */ = {isa = PBXFileReference; lastKnownFileType = file.storyboard; name = Base; path = Base.lproj/LaunchScreen.storyboard; sourceTree = "<group>"; };
		B765F32C1DD063F400CA21B0 /* Info.plist */ = {isa = PBXFileReference; lastKnownFileType = text.plist.xml; path = Info.plist; sourceTree = "<group>"; };
		B765F3361DD0798E00CA21B0 /* GoogleService-Info.plist */ = {isa = PBXFileReference; fileEncoding = 4; lastKnownFileType = text.plist.xml; path = "GoogleService-Info.plist"; sourceTree = "<group>"; };
		B7ABE80A1DEC1AF5006B4BA9 /* ChallangeViewController.swift */ = {isa = PBXFileReference; fileEncoding = 4; lastKnownFileType = sourcecode.swift; path = ChallangeViewController.swift; sourceTree = "<group>"; };
		B7ABE80C1DEC27AE006B4BA9 /* ChallangeView.swift */ = {isa = PBXFileReference; fileEncoding = 4; lastKnownFileType = sourcecode.swift; path = ChallangeView.swift; sourceTree = "<group>"; };
		B7F28FF61DD4C23300ED8F88 /* Challange.swift */ = {isa = PBXFileReference; fileEncoding = 4; lastKnownFileType = sourcecode.swift; path = Challange.swift; sourceTree = "<group>"; };
		C144895EAEAB12EE0613F686 /* Pods-Challanger.debug.xcconfig */ = {isa = PBXFileReference; includeInIndex = 1; lastKnownFileType = text.xcconfig; name = "Pods-Challanger.debug.xcconfig"; path = "Pods/Target Support Files/Pods-Challanger/Pods-Challanger.debug.xcconfig"; sourceTree = "<group>"; };
		D42E950DA86FE72B39151A54 /* Pods_Challanger.framework */ = {isa = PBXFileReference; explicitFileType = wrapper.framework; includeInIndex = 0; path = Pods_Challanger.framework; sourceTree = BUILT_PRODUCTS_DIR; };
/* End PBXFileReference section */

/* Begin PBXFrameworksBuildPhase section */
		B765F3171DD063F400CA21B0 /* Frameworks */ = {
			isa = PBXFrameworksBuildPhase;
			buildActionMask = 2147483647;
			files = (
				06D12EEC6644D23E341B5B5F /* Pods_Challanger.framework in Frameworks */,
			);
			runOnlyForDeploymentPostprocessing = 0;
		};
/* End PBXFrameworksBuildPhase section */

/* Begin PBXGroup section */
		3547D460663FDC82FD9C5EF1 /* Frameworks */ = {
			isa = PBXGroup;
			children = (
				D42E950DA86FE72B39151A54 /* Pods_Challanger.framework */,
			);
			name = Frameworks;
			sourceTree = "<group>";
		};
		B765F3111DD063F400CA21B0 = {
			isa = PBXGroup;
			children = (
				B765F31C1DD063F400CA21B0 /* Challanger */,
				B765F31B1DD063F400CA21B0 /* Products */,
				BE3AB45B33A85E6469776F4A /* Pods */,
				3547D460663FDC82FD9C5EF1 /* Frameworks */,
			);
			sourceTree = "<group>";
		};
		B765F31B1DD063F400CA21B0 /* Products */ = {
			isa = PBXGroup;
			children = (
				B765F31A1DD063F400CA21B0 /* Challanger.app */,
			);
			name = Products;
			sourceTree = "<group>";
		};
		B765F31C1DD063F400CA21B0 /* Challanger */ = {
			isa = PBXGroup;
			children = (
				B7548F101DD0B6F800AA242D /* Challanger.entitlements */,
				B765F3361DD0798E00CA21B0 /* GoogleService-Info.plist */,
				B765F31D1DD063F400CA21B0 /* AppDelegate.swift */,
				B765F31F1DD063F400CA21B0 /* ViewController.swift */,
				B765F3211DD063F400CA21B0 /* Main.storyboard */,
				B765F3271DD063F400CA21B0 /* Assets.xcassets */,
				B765F3291DD063F400CA21B0 /* LaunchScreen.storyboard */,
				B765F32C1DD063F400CA21B0 /* Info.plist */,
				B765F3241DD063F400CA21B0 /* Challanger.xcdatamodeld */,
				B7548F111DD0F67800AA242D /* ChallangesViewController.swift */,
				B704FC9D1DD1D63E002D9CF3 /* NewChallangeVC.swift */,
				B7F28FF61DD4C23300ED8F88 /* Challange.swift */,
				B75CD1F31DD97A4200054FD6 /* MyTableViewCell.swift */,
				B7ABE80A1DEC1AF5006B4BA9 /* ChallangeViewController.swift */,
				B7ABE80C1DEC27AE006B4BA9 /* ChallangeView.swift */,
			);
			path = Challanger;
			sourceTree = "<group>";
		};
		BE3AB45B33A85E6469776F4A /* Pods */ = {
			isa = PBXGroup;
			children = (
				C144895EAEAB12EE0613F686 /* Pods-Challanger.debug.xcconfig */,
				35C72FF6868AF5226188676E /* Pods-Challanger.release.xcconfig */,
			);
			name = Pods;
			sourceTree = "<group>";
		};
/* End PBXGroup section */

/* Begin PBXNativeTarget section */
		B765F3191DD063F400CA21B0 /* Challanger */ = {
			isa = PBXNativeTarget;
			buildConfigurationList = B765F32F1DD063F400CA21B0 /* Build configuration list for PBXNativeTarget "Challanger" */;
			buildPhases = (
				630D8C278BDC64D15AAEF676 /* [CP] Check Pods Manifest.lock */,
				B765F3161DD063F400CA21B0 /* Sources */,
				B765F3171DD063F400CA21B0 /* Frameworks */,
				B765F3181DD063F400CA21B0 /* Resources */,
				4102937C4A632672A1F21790 /* [CP] Embed Pods Frameworks */,
				0B3373C12DCDFEA4F8F5FA3A /* [CP] Copy Pods Resources */,
			);
			buildRules = (
			);
			dependencies = (
			);
			name = Challanger;
			productName = Challanger;
			productReference = B765F31A1DD063F400CA21B0 /* Challanger.app */;
			productType = "com.apple.product-type.application";
		};
/* End PBXNativeTarget section */

/* Begin PBXProject section */
		B765F3121DD063F400CA21B0 /* Project object */ = {
			isa = PBXProject;
			attributes = {
				LastSwiftUpdateCheck = 0800;
				LastUpgradeCheck = 0800;
				ORGANIZATIONNAME = saltaim;
				TargetAttributes = {
					B765F3191DD063F400CA21B0 = {
						CreatedOnToolsVersion = 8.0;
						DevelopmentTeam = AB65P3C5XF;
						ProvisioningStyle = Automatic;
						SystemCapabilities = {
							com.apple.Keychain = {
								enabled = 1;
							};
						};
					};
				};
			};
			buildConfigurationList = B765F3151DD063F400CA21B0 /* Build configuration list for PBXProject "Challanger" */;
			compatibilityVersion = "Xcode 3.2";
			developmentRegion = English;
			hasScannedForEncodings = 0;
			knownRegions = (
				en,
				Base,
			);
			mainGroup = B765F3111DD063F400CA21B0;
			productRefGroup = B765F31B1DD063F400CA21B0 /* Products */;
			projectDirPath = "";
			projectRoot = "";
			targets = (
				B765F3191DD063F400CA21B0 /* Challanger */,
			);
		};
/* End PBXProject section */

/* Begin PBXResourcesBuildPhase section */
		B765F3181DD063F400CA21B0 /* Resources */ = {
			isa = PBXResourcesBuildPhase;
			buildActionMask = 2147483647;
			files = (
				B765F32B1DD063F400CA21B0 /* LaunchScreen.storyboard in Resources */,
				B765F3371DD0798E00CA21B0 /* GoogleService-Info.plist in Resources */,
				B765F3281DD063F400CA21B0 /* Assets.xcassets in Resources */,
				B765F3231DD063F400CA21B0 /* Main.storyboard in Resources */,
			);
			runOnlyForDeploymentPostprocessing = 0;
		};
/* End PBXResourcesBuildPhase section */

/* Begin PBXShellScriptBuildPhase section */
		0B3373C12DCDFEA4F8F5FA3A /* [CP] Copy Pods Resources */ = {
			isa = PBXShellScriptBuildPhase;
			buildActionMask = 2147483647;
			files = (
			);
			inputPaths = (
			);
			name = "[CP] Copy Pods Resources";
			outputPaths = (
			);
			runOnlyForDeploymentPostprocessing = 0;
			shellPath = /bin/sh;
			shellScript = "\"${SRCROOT}/Pods/Target Support Files/Pods-Challanger/Pods-Challanger-resources.sh\"\n";
			showEnvVarsInLog = 0;
		};
		4102937C4A632672A1F21790 /* [CP] Embed Pods Frameworks */ = {
			isa = PBXShellScriptBuildPhase;
			buildActionMask = 2147483647;
			files = (
			);
			inputPaths = (
			);
			name = "[CP] Embed Pods Frameworks";
			outputPaths = (
			);
			runOnlyForDeploymentPostprocessing = 0;
			shellPath = /bin/sh;
			shellScript = "\"${SRCROOT}/Pods/Target Support Files/Pods-Challanger/Pods-Challanger-frameworks.sh\"\n";
			showEnvVarsInLog = 0;
		};
		630D8C278BDC64D15AAEF676 /* [CP] Check Pods Manifest.lock */ = {
			isa = PBXShellScriptBuildPhase;
			buildActionMask = 2147483647;
			files = (
			);
			inputPaths = (
			);
			name = "[CP] Check Pods Manifest.lock";
			outputPaths = (
			);
			runOnlyForDeploymentPostprocessing = 0;
			shellPath = /bin/sh;
			shellScript = "diff \"${PODS_ROOT}/../Podfile.lock\" \"${PODS_ROOT}/Manifest.lock\" > /dev/null\nif [ $? != 0 ] ; then\n    # print error to STDERR\n    echo \"error: The sandbox is not in sync with the Podfile.lock. Run 'pod install' or update your CocoaPods installation.\" >&2\n    exit 1\nfi\n";
			showEnvVarsInLog = 0;
		};
/* End PBXShellScriptBuildPhase section */

/* Begin PBXSourcesBuildPhase section */
		B765F3161DD063F400CA21B0 /* Sources */ = {
			isa = PBXSourcesBuildPhase;
			buildActionMask = 2147483647;
			files = (
				B75CD1F41DD97A4200054FD6 /* MyTableViewCell.swift in Sources */,
				B765F3201DD063F400CA21B0 /* ViewController.swift in Sources */,
				B7F28FF71DD4C23300ED8F88 /* Challange.swift in Sources */,
				B704FC9E1DD1D63E002D9CF3 /* NewChallangeVC.swift in Sources */,
				B765F3261DD063F400CA21B0 /* Challanger.xcdatamodeld in Sources */,
				B7ABE80D1DEC27AE006B4BA9 /* ChallangeView.swift in Sources */,
				B7548F121DD0F67800AA242D /* ChallangesViewController.swift in Sources */,
				B7ABE80B1DEC1AF5006B4BA9 /* ChallangeViewController.swift in Sources */,
				B765F31E1DD063F400CA21B0 /* AppDelegate.swift in Sources */,
			);
			runOnlyForDeploymentPostprocessing = 0;
		};
/* End PBXSourcesBuildPhase section */

/* Begin PBXVariantGroup section */
		B765F3211DD063F400CA21B0 /* Main.storyboard */ = {
			isa = PBXVariantGroup;
			children = (
				B765F3221DD063F400CA21B0 /* Base */,
			);
			name = Main.storyboard;
			sourceTree = "<group>";
		};
		B765F3291DD063F400CA21B0 /* LaunchScreen.storyboard */ = {
			isa = PBXVariantGroup;
			children = (
				B765F32A1DD063F400CA21B0 /* Base */,
			);
			name = LaunchScreen.storyboard;
			sourceTree = "<group>";
		};
/* End PBXVariantGroup section */

/* Begin XCBuildConfiguration section */
		B765F32D1DD063F400CA21B0 /* Debug */ = {
			isa = XCBuildConfiguration;
			buildSettings = {
				ALWAYS_SEARCH_USER_PATHS = NO;
				CLANG_ANALYZER_NONNULL = YES;
				CLANG_CXX_LANGUAGE_STANDARD = "gnu++0x";
				CLANG_CXX_LIBRARY = "libc++";
				CLANG_ENABLE_MODULES = YES;
				CLANG_ENABLE_OBJC_ARC = YES;
				CLANG_WARN_BOOL_CONVERSION = YES;
				CLANG_WARN_CONSTANT_CONVERSION = YES;
				CLANG_WARN_DIRECT_OBJC_ISA_USAGE = YES_ERROR;
				CLANG_WARN_DOCUMENTATION_COMMENTS = YES;
				CLANG_WARN_EMPTY_BODY = YES;
				CLANG_WARN_ENUM_CONVERSION = YES;
				CLANG_WARN_INFINITE_RECURSION = YES;
				CLANG_WARN_INT_CONVERSION = YES;
				CLANG_WARN_OBJC_ROOT_CLASS = YES_ERROR;
				CLANG_WARN_SUSPICIOUS_MOVES = YES;
				CLANG_WARN_UNREACHABLE_CODE = YES;
				CLANG_WARN__DUPLICATE_METHOD_MATCH = YES;
				"CODE_SIGN_IDENTITY[sdk=iphoneos*]" = "iPhone Developer";
				COPY_PHASE_STRIP = NO;
				DEBUG_INFORMATION_FORMAT = dwarf;
				ENABLE_STRICT_OBJC_MSGSEND = YES;
				ENABLE_TESTABILITY = YES;
				GCC_C_LANGUAGE_STANDARD = gnu99;
				GCC_DYNAMIC_NO_PIC = NO;
				GCC_NO_COMMON_BLOCKS = YES;
				GCC_OPTIMIZATION_LEVEL = 0;
				GCC_PREPROCESSOR_DEFINITIONS = (
					"DEBUG=1",
					"$(inherited)",
				);
				GCC_WARN_64_TO_32_BIT_CONVERSION = YES;
				GCC_WARN_ABOUT_RETURN_TYPE = YES_ERROR;
				GCC_WARN_UNDECLARED_SELECTOR = YES;
				GCC_WARN_UNINITIALIZED_AUTOS = YES_AGGRESSIVE;
				GCC_WARN_UNUSED_FUNCTION = YES;
				GCC_WARN_UNUSED_VARIABLE = YES;
				IPHONEOS_DEPLOYMENT_TARGET = 10.0;
				MTL_ENABLE_DEBUG_INFO = YES;
				ONLY_ACTIVE_ARCH = YES;
				SDKROOT = iphoneos;
				SWIFT_ACTIVE_COMPILATION_CONDITIONS = DEBUG;
				SWIFT_OPTIMIZATION_LEVEL = "-Onone";
				TARGETED_DEVICE_FAMILY = "1,2";
			};
			name = Debug;
		};
		B765F32E1DD063F400CA21B0 /* Release */ = {
			isa = XCBuildConfiguration;
			buildSettings = {
				ALWAYS_SEARCH_USER_PATHS = NO;
				CLANG_ANALYZER_NONNULL = YES;
				CLANG_CXX_LANGUAGE_STANDARD = "gnu++0x";
				CLANG_CXX_LIBRARY = "libc++";
				CLANG_ENABLE_MODULES = YES;
				CLANG_ENABLE_OBJC_ARC = YES;
				CLANG_WARN_BOOL_CONVERSION = YES;
				CLANG_WARN_CONSTANT_CONVERSION = YES;
				CLANG_WARN_DIRECT_OBJC_ISA_USAGE = YES_ERROR;
				CLANG_WARN_DOCUMENTATION_COMMENTS = YES;
				CLANG_WARN_EMPTY_BODY = YES;
				CLANG_WARN_ENUM_CONVERSION = YES;
				CLANG_WARN_INFINITE_RECURSION = YES;
				CLANG_WARN_INT_CONVERSION = YES;
				CLANG_WARN_OBJC_ROOT_CLASS = YES_ERROR;
				CLANG_WARN_SUSPICIOUS_MOVES = YES;
				CLANG_WARN_UNREACHABLE_CODE = YES;
				CLANG_WARN__DUPLICATE_METHOD_MATCH = YES;
				"CODE_SIGN_IDENTITY[sdk=iphoneos*]" = "iPhone Developer";
				COPY_PHASE_STRIP = NO;
				DEBUG_INFORMATION_FORMAT = "dwarf-with-dsym";
				ENABLE_NS_ASSERTIONS = NO;
				ENABLE_STRICT_OBJC_MSGSEND = YES;
				GCC_C_LANGUAGE_STANDARD = gnu99;
				GCC_NO_COMMON_BLOCKS = YES;
				GCC_WARN_64_TO_32_BIT_CONVERSION = YES;
				GCC_WARN_ABOUT_RETURN_TYPE = YES_ERROR;
				GCC_WARN_UNDECLARED_SELECTOR = YES;
				GCC_WARN_UNINITIALIZED_AUTOS = YES_AGGRESSIVE;
				GCC_WARN_UNUSED_FUNCTION = YES;
				GCC_WARN_UNUSED_VARIABLE = YES;
				IPHONEOS_DEPLOYMENT_TARGET = 10.0;
				MTL_ENABLE_DEBUG_INFO = NO;
				SDKROOT = iphoneos;
				SWIFT_OPTIMIZATION_LEVEL = "-Owholemodule";
				TARGETED_DEVICE_FAMILY = "1,2";
				VALIDATE_PRODUCT = YES;
			};
			name = Release;
		};
		B765F3301DD063F400CA21B0 /* Debug */ = {
			isa = XCBuildConfiguration;
			baseConfigurationReference = C144895EAEAB12EE0613F686 /* Pods-Challanger.debug.xcconfig */;
			buildSettings = {
				ASSETCATALOG_COMPILER_APPICON_NAME = AppIcon;
				CODE_SIGN_ENTITLEMENTS = Challanger/Challanger.entitlements;
				DEVELOPMENT_TEAM = AB65P3C5XF;
				INFOPLIST_FILE = Challanger/Info.plist;
				LD_RUNPATH_SEARCH_PATHS = "$(inherited) @executable_path/Frameworks";
				PRODUCT_BUNDLE_IDENTIFIER = saltaim.Challanger;
				PRODUCT_NAME = "$(TARGET_NAME)";
				SWIFT_VERSION = 3.0;
			};
			name = Debug;
		};
		B765F3311DD063F400CA21B0 /* Release */ = {
			isa = XCBuildConfiguration;
			baseConfigurationReference = 35C72FF6868AF5226188676E /* Pods-Challanger.release.xcconfig */;
			buildSettings = {
				ASSETCATALOG_COMPILER_APPICON_NAME = AppIcon;
				CODE_SIGN_ENTITLEMENTS = Challanger/Challanger.entitlements;
				DEVELOPMENT_TEAM = AB65P3C5XF;
				INFOPLIST_FILE = Challanger/Info.plist;
				LD_RUNPATH_SEARCH_PATHS = "$(inherited) @executable_path/Frameworks";
				PRODUCT_BUNDLE_IDENTIFIER = saltaim.Challanger;
				PRODUCT_NAME = "$(TARGET_NAME)";
				SWIFT_VERSION = 3.0;
			};
			name = Release;
		};
/* End XCBuildConfiguration section */

/* Begin XCConfigurationList section */
		B765F3151DD063F400CA21B0 /* Build configuration list for PBXProject "Challanger" */ = {
			isa = XCConfigurationList;
			buildConfigurations = (
				B765F32D1DD063F400CA21B0 /* Debug */,
				B765F32E1DD063F400CA21B0 /* Release */,
			);
			defaultConfigurationIsVisible = 0;
			defaultConfigurationName = Release;
		};
		B765F32F1DD063F400CA21B0 /* Build configuration list for PBXNativeTarget "Challanger" */ = {
			isa = XCConfigurationList;
			buildConfigurations = (
				B765F3301DD063F400CA21B0 /* Debug */,
				B765F3311DD063F400CA21B0 /* Release */,
			);
			defaultConfigurationIsVisible = 0;
			defaultConfigurationName = Release;
		};
/* End XCConfigurationList section */

/* Begin XCVersionGroup section */
		B765F3241DD063F400CA21B0 /* Challanger.xcdatamodeld */ = {
			isa = XCVersionGroup;
			children = (
				B765F3251DD063F400CA21B0 /* Challanger.xcdatamodel */,
			);
			currentVersion = B765F3251DD063F400CA21B0 /* Challanger.xcdatamodel */;
			path = Challanger.xcdatamodeld;
			sourceTree = "<group>";
			versionGroupType = wrapper.xcdatamodel;
		};
/* End XCVersionGroup section */
	};
	rootObject = B765F3121DD063F400CA21B0 /* Project object */;
}
